
Microsoft Visual Studio Solution File, Format Version 11.00
# Visual Studio 2010
Project("{FAE04EC0-301F-11D3-BF4B-00C04F79EFBC}") = "anagramMain", "anagramMain\anagramMain.csproj", "{2DC13074-0204-47FD-B1AC-D3DC616334D7}"
EndProject
Project("{FAE04EC0-301F-11D3-BF4B-00C04F79EFBC}") = "anagramLib", "anagramLib\anagramLib.csproj", "{5303AAC9-0EBD-4B71-BDB5-E10C7F34ED75}"
EndProject
Project("{FAE04EC0-301F-11D3-BF4B-00C04F79EFBC}") = "anagramTest", "anagramTest\anagramTest.csproj", "{E81CF20C-01A9-457B-A513-4A1AFD54DF8F}"
EndProject
Global
	GlobalSection(SolutionConfigurationPlatforms) = preSolution
		Debug|Any CPU = Debug|Any CPU
		Debug|Mixed Platforms = Debug|Mixed Platforms
		Debug|x86 = Debug|x86
		Release|Any CPU = Release|Any CPU
		Release|Mixed Platforms = Release|Mixed Platforms
		Release|x86 = Release|x86
	EndGlobalSection
	GlobalSection(ProjectConfigurationPlatforms) = postSolution
		{2DC13074-0204-47FD-B1AC-D3DC616334D7}.Debug|Any CPU.ActiveCfg = Debug|x86
		{2DC13074-0204-47FD-B1AC-D3DC616334D7}.Debug|Mixed Platforms.ActiveCfg = Debug|x86
		{2DC13074-0204-47FD-B1AC-D3DC616334D7}.Debug|Mixed Platforms.Build.0 = Debug|x86
		{2DC13074-0204-47FD-B1AC-D3DC616334D7}.Debug|x86.ActiveCfg = Debug|x86
		{2DC13074-0204-47FD-B1AC-D3DC616334D7}.Debug|x86.Build.0 = Debug|x86
		{2DC13074-0204-47FD-B1AC-D3DC616334D7}.Release|Any CPU.ActiveCfg = Release|x86
		{2DC13074-0204-47FD-B1AC-D3DC616334D7}.Release|Mixed Platforms.ActiveCfg = Release|x86
		{2DC13074-0204-47FD-B1AC-D3DC616334D7}.Release|Mixed Platforms.Build.0 = Release|x86
		{2DC13074-0204-47FD-B1AC-D3DC616334D7}.Release|x86.ActiveCfg = Release|x86
		{2DC13074-0204-47FD-B1AC-D3DC616334D7}.Release|x86.Build.0 = Release|x86
		{5303AAC9-0EBD-4B71-BDB5-E10C7F34ED75}.Debug|Any CPU.ActiveCfg = Debug|Any CPU
		{5303AAC9-0EBD-4B71-BDB5-E10C7F34ED75}.Debug|Any CPU.Build.0 = Debug|Any CPU
		{5303AAC9-0EBD-4B71-BDB5-E10C7F34ED75}.Debug|Mixed Platforms.ActiveCfg = Debug|Any CPU
		{5303AAC9-0EBD-4B71-BDB5-E10C7F34ED75}.Debug|Mixed Platforms.Build.0 = Debug|Any CPU
		{5303AAC9-0EBD-4B71-BDB5-E10C7F34ED75}.Debug|x86.ActiveCfg = Debug|Any CPU
		{5303AAC9-0EBD-4B71-BDB5-E10C7F34ED75}.Release|Any CPU.ActiveCfg = Release|Any CPU
		{5303AAC9-0EBD-4B71-BDB5-E10C7F34ED75}.Release|Any CPU.Build.0 = Release|Any CPU
		{5303AAC9-0EBD-4B71-BDB5-E10C7F34ED75}.Release|Mixed Platforms.ActiveCfg = Release|Any CPU
		{5303AAC9-0EBD-4B71-BDB5-E10C7F34ED75}.Release|Mixed Platforms.Build.0 = Release|Any CPU
		{5303AAC9-0EBD-4B71-BDB5-E10C7F34ED75}.Release|x86.ActiveCfg = Release|Any CPU
		{E81CF20C-01A9-457B-A513-4A1AFD54DF8F}.Debug|Any CPU.ActiveCfg = Debug|Any CPU
		{E81CF20C-01A9-457B-A513-4A1AFD54DF8F}.Debug|Any CPU.Build.0 = Debug|Any CPU
		{E81CF20C-01A9-457B-A513-4A1AFD54DF8F}.Debug|Mixed Platforms.ActiveCfg = Debug|Any CPU
		{E81CF20C-01A9-457B-A513-4A1AFD54DF8F}.Debug|Mixed Platforms.Build.0 = Debug|Any CPU
		{E81CF20C-01A9-457B-A513-4A1AFD54DF8F}.Debug|x86.ActiveCfg = Debug|Any CPU
		{E81CF20C-01A9-457B-A513-4A1AFD54DF8F}.Release|Any CPU.ActiveCfg = Release|Any CPU
		{E81CF20C-01A9-457B-A513-4A1AFD54DF8F}.Release|Any CPU.Build.0 = Release|Any CPU
		{E81CF20C-01A9-457B-A513-4A1AFD54DF8F}.Release|Mixed Platforms.ActiveCfg = Release|Any CPU
		{E81CF20C-01A9-457B-A513-4A1AFD54DF8F}.Release|Mixed Platforms.Build.0 = Release|Any CPU
		{E81CF20C-01A9-457B-A513-4A1AFD54DF8F}.Release|x86.ActiveCfg = Release|Any CPU
	EndGlobalSection
	GlobalSection(SolutionProperties) = preSolution
		HideSolutionNode = FALSE
	EndGlobalSection
	GlobalSection(ExtensibilityGlobals) = postSolution
		AMDCaPersistentConfig = Debug|Mixed Platforms
		AMDCaPersistentStartup = anagramTest
		AMDCaProjectFile = C:\Documents and Settings\usfradan\Desktop\Danny\practice_programs\c#\anagramMain\CodeAnalyst\anagramMain.caw
	EndGlobalSection
EndGlobal
